[[package]]
name = "asgiref"
version = "3.4.1"
description = "ASGI specs, helper code, and adapters"
category = "main"
optional = false
python-versions = ">=3.6"

[package.extras]
tests = ["pytest", "pytest-asyncio", "mypy (>=0.800)"]

[[package]]
name = "django"
version = "3.2.5"
description = "A high-level Python Web framework that encourages rapid development and clean, pragmatic design."
category = "main"
optional = false
python-versions = ">=3.6"

[package.dependencies]
asgiref = ">=3.3.2,<4"
pytz = "*"
sqlparse = ">=0.2.2"

[package.extras]
argon2 = ["argon2-cffi (>=19.1.0)"]
bcrypt = ["bcrypt"]

[[package]]
name = "django-rest-framework"
version = "0.1.0"
description = "alias."
category = "main"
optional = false
python-versions = "*"

[package.dependencies]
djangorestframework = "*"

[[package]]
name = "djangorestframework"
version = "3.12.4"
description = "Web APIs for Django, made easy."
category = "main"
optional = false
python-versions = ">=3.5"

[package.dependencies]
django = ">=2.2"

[[package]]
name = "dotenv"
version = "0.0.5"
description = "Handle .env files"
category = "main"
optional = false
python-versions = "*"

[[package]]
name = "pillow"
version = "8.3.0"
description = "Python Imaging Library (Fork)"
category = "main"
optional = false
python-versions = ">=3.6"

[[package]]
name = "python-dotenv"
version = "0.18.0"
description = "Read key-value pairs from a .env file and set them as environment variables"
category = "main"
optional = false
python-versions = "*"

[package.extras]
cli = ["click (>=5.0)"]

[[package]]
name = "pytz"
version = "2021.1"
description = "World timezone definitions, modern and historical"
category = "main"
optional = false
python-versions = "*"

[[package]]
name = "sqlparse"
version = "0.4.1"
description = "A non-validating SQL parser."
category = "main"
optional = false
python-versions = ">=3.5"

[metadata]
lock-version = "1.1"
python-versions = "^3.9"
content-hash = "5c6ccacf6379a05c1acbc2257ae8d8b238cd183f9bba0e580726ea8b577f5446"

[metadata.files]
asgiref = [
    {file = "asgiref-3.4.1-py3-none-any.whl", hash = "sha256:ffc141aa908e6f175673e7b1b3b7af4fdb0ecb738fc5c8b88f69f055c2415214"},
    {file = "asgiref-3.4.1.tar.gz", hash = "sha256:4ef1ab46b484e3c706329cedeff284a5d40824200638503f5768edb6de7d58e9"},
]
django = [
    {file = "Django-3.2.5-py3-none-any.whl", hash = "sha256:c58b5f19c5ae0afe6d75cbdd7df561e6eb929339985dbbda2565e1cabb19a62e"},
    {file = "Django-3.2.5.tar.gz", hash = "sha256:3da05fea54fdec2315b54a563d5b59f3b4e2b1e69c3a5841dda35019c01855cd"},
]
django-rest-framework = [
    {file = "django-rest-framework-0.1.0.tar.gz", hash = "sha256:47a8f496fa69e3b6bd79f68dd7a1527d907d6b77f009e9db7cf9bb21cc565e4a"},
]
djangorestframework = [
    {file = "djangorestframework-3.12.4-py3-none-any.whl", hash = "sha256:6d1d59f623a5ad0509fe0d6bfe93cbdfe17b8116ebc8eda86d45f6e16e819aaf"},
    {file = "djangorestframework-3.12.4.tar.gz", hash = "sha256:f747949a8ddac876e879190df194b925c177cdeb725a099db1460872f7c0a7f2"},
]
dotenv = [
    {file = "dotenv-0.0.5.tar.gz", hash = "sha256:b58d2ab3f83dbd4f8a362b21158a606bee87317a9444485566b3c8f0af847091"},
]
pillow = [
    {file = "Pillow-8.3.0-cp36-cp36m-macosx_10_10_x86_64.whl", hash = "sha256:333313bcc53a8a7359e98d5458dfe37bfa301da2fd0e0dc41f585ae0cede9181"},
    {file = "Pillow-8.3.0-cp36-cp36m-manylinux_2_17_aarch64.manylinux2014_aarch64.whl", hash = "sha256:bccd0d604d814e9494f3bf3f077a23835580ed1743c5175581882e7dd1f178c3"},
    {file = "Pillow-8.3.0-cp36-cp36m-manylinux_2_5_i686.manylinux1_i686.whl", hash = "sha256:a7beda44f177ee602aa27e0a297da1657d9572679522c8fb8b336b734653516e"},
    {file = "Pillow-8.3.0-cp36-cp36m-manylinux_2_5_x86_64.manylinux1_x86_64.whl", hash = "sha256:94db5ea640330de0945b41dc77fb4847b4ab6e87149126c71b36b112e8400898"},
    {file = "Pillow-8.3.0-cp36-cp36m-win32.whl", hash = "sha256:856fcbc3201a6cabf0478daa0c0a1a8a175af7e5173e2084ddb91cc707a09dd1"},
    {file = "Pillow-8.3.0-cp36-cp36m-win_amd64.whl", hash = "sha256:34ce3d993cb4ca840b1e31165b38cb19c64f64f822a8bc5565bde084baff3bdb"},
    {file = "Pillow-8.3.0-cp37-cp37m-macosx_10_10_x86_64.whl", hash = "sha256:778a819c2d194e08d39d67ddb15ef0d32eba17bf7d0c2773e97bd221b2613a3e"},
    {file = "Pillow-8.3.0-cp37-cp37m-manylinux_2_17_aarch64.manylinux2014_aarch64.whl", hash = "sha256:b42ea77f4e7374a67e1f27aaa9c62627dff681f67890e5b8f0c1e21b1500d9d2"},
    {file = "Pillow-8.3.0-cp37-cp37m-manylinux_2_5_i686.manylinux1_i686.whl", hash = "sha256:53f6e4b73b3899015ac4aa95d99da0f48ea18a6d7c8db672e8bead3fb9570ef5"},
    {file = "Pillow-8.3.0-cp37-cp37m-manylinux_2_5_x86_64.manylinux1_x86_64.whl", hash = "sha256:fb91deb5121b6dde88599bcb3db3fdad9cf33ff3d4ccc5329ee1fe9655a2f7ff"},
    {file = "Pillow-8.3.0-cp37-cp37m-win32.whl", hash = "sha256:8f65d2a98f198e904dbe89ecb10862d5f0511367d823689039e17c4d011de11e"},
    {file = "Pillow-8.3.0-cp37-cp37m-win_amd64.whl", hash = "sha256:25f6564df21d15bcac142b4ed92b6c02e53557539f535f31c1f3bcc985484753"},
    {file = "Pillow-8.3.0-cp38-cp38-macosx_10_10_x86_64.whl", hash = "sha256:c2d78c8230bda5fc9f6b1d457c7f8f3432f4fe85bed86f80ba3ed73d59775a88"},
    {file = "Pillow-8.3.0-cp38-cp38-macosx_11_0_arm64.whl", hash = "sha256:950e873ceefbd283cbe7bc5b648b832d1dcf89eeded6726ebec42bc7d67966c0"},
    {file = "Pillow-8.3.0-cp38-cp38-manylinux_2_17_aarch64.manylinux2014_aarch64.whl", hash = "sha256:1037288a22cc8ec9d2918a24ded733a1cc4342fd7f21d15d37e6bbe5fb4a7306"},
    {file = "Pillow-8.3.0-cp38-cp38-manylinux_2_5_i686.manylinux1_i686.whl", hash = "sha256:063d17a02a0170c2f880fbd373b2738b089c6adcbd1f7418667bc9e97524c11b"},
    {file = "Pillow-8.3.0-cp38-cp38-manylinux_2_5_x86_64.manylinux1_x86_64.whl", hash = "sha256:561339ed7c324bbcb29b5e4f4705c97df950785394b3ac181f5bf6a08088a672"},
    {file = "Pillow-8.3.0-cp38-cp38-win32.whl", hash = "sha256:331f8321418682386e4f0d0e6369f732053f95abddd2af4e1b1ef74a9537ef37"},
    {file = "Pillow-8.3.0-cp38-cp38-win_amd64.whl", hash = "sha256:eccaefbd646022b5313ca4b0c5f1ae6e0d3a52ef66de64970ecf3f9b2a1be751"},
    {file = "Pillow-8.3.0-cp39-cp39-macosx_10_10_x86_64.whl", hash = "sha256:6f7517a220aca8b822e25b08b0df9546701a606a328da5bc057e5f32a3f9b07c"},
    {file = "Pillow-8.3.0-cp39-cp39-macosx_11_0_arm64.whl", hash = "sha256:cc8e926d6ffa65d0dddb871b7afe117f17bc045951e66afde60eb0eba923db9e"},
    {file = "Pillow-8.3.0-cp39-cp39-manylinux_2_17_aarch64.manylinux2014_aarch64.whl", hash = "sha256:519b3b24dedc81876d893475bade1b92c4ce7c24b9b82224f0bd8daae682e039"},
    {file = "Pillow-8.3.0-cp39-cp39-manylinux_2_5_i686.manylinux1_i686.whl", hash = "sha256:72858a27dd7bd1c40f91c4f85db3b9f121c8412fd66573121febb00d074d0530"},
    {file = "Pillow-8.3.0-cp39-cp39-manylinux_2_5_x86_64.manylinux1_x86_64.whl", hash = "sha256:3251557c53c1ed0c345559afc02d2b0a0aa5788042e161366ed90b27bc322d3d"},
    {file = "Pillow-8.3.0-cp39-cp39-win32.whl", hash = "sha256:ce90aad0a3dc0f13a9ff0ab1f43bcbea436089b83c3fadbe37c6f1733b938bf1"},
    {file = "Pillow-8.3.0-cp39-cp39-win_amd64.whl", hash = "sha256:490c9236ef4762733b6c2e1f1fcb37793cb9c57d860aa84d6994c990461882e5"},
    {file = "Pillow-8.3.0-pp36-pypy36_pp73-macosx_10_10_x86_64.whl", hash = "sha256:aef0838f28328523e9e5f2c1852dd96fb85768deb0eb8f908c54dad0f44d2f6f"},
    {file = "Pillow-8.3.0-pp36-pypy36_pp73-manylinux_2_12_i686.manylinux2010_i686.whl", hash = "sha256:713b762892efa8cd5d8dac24d16ac2d2dbf981963ed1b3297e79755f03f8cbb8"},
    {file = "Pillow-8.3.0-pp36-pypy36_pp73-manylinux_2_12_x86_64.manylinux2010_x86_64.whl", hash = "sha256:cec702974f162026bf8de47f6f4b7ce9584a63c50002b38f195ee797165fea77"},
    {file = "Pillow-8.3.0-pp37-pypy37_pp73-macosx_10_10_x86_64.whl", hash = "sha256:d9ef8119ce44f90d2f8ac7c58f7da480ada5151f217dc8da03681b73fc91dec3"},
    {file = "Pillow-8.3.0-pp37-pypy37_pp73-manylinux_2_12_i686.manylinux2010_i686.whl", hash = "sha256:fc25d59ecf23ea19571065306806a29c43c67f830f0e8a121303916ba257f484"},
    {file = "Pillow-8.3.0-pp37-pypy37_pp73-manylinux_2_12_x86_64.manylinux2010_x86_64.whl", hash = "sha256:28f184c0a65be098af412f78b0b6f3bbafd1614e1dc896e810d8357342a794b7"},
    {file = "Pillow-8.3.0-pp37-pypy37_pp73-win_amd64.whl", hash = "sha256:c3529fb98a40f89269175442c5ff4ef81d22e91b2bdcbd33833a350709b5130c"},
    {file = "Pillow-8.3.0.tar.gz", hash = "sha256:803606e206f3e366eea46b1e7ab4dac74cfac770d04de9c35319814e11e47c46"},
]
python-dotenv = [
    {file = "python-dotenv-0.18.0.tar.gz", hash = "sha256:effaac3c1e58d89b3ccb4d04a40dc7ad6e0275fda25fd75ae9d323e2465e202d"},
    {file = "python_dotenv-0.18.0-py2.py3-none-any.whl", hash = "sha256:dd8fe852847f4fbfadabf6183ddd4c824a9651f02d51714fa075c95561959c7d"},
]
pytz = [
    {file = "pytz-2021.1-py2.py3-none-any.whl", hash = "sha256:eb10ce3e7736052ed3623d49975ce333bcd712c7bb19a58b9e2089d4057d0798"},
    {file = "pytz-2021.1.tar.gz", hash = "sha256:83a4a90894bf38e243cf052c8b58f381bfe9a7a483f6a9cab140bc7f702ac4da"},
]
sqlparse = [
    {file = "sqlparse-0.4.1-py3-none-any.whl", hash = "sha256:017cde379adbd6a1f15a61873f43e8274179378e95ef3fede90b5aa64d304ed0"},
    {file = "sqlparse-0.4.1.tar.gz", hash = "sha256:0f91fd2e829c44362cbcfab3e9ae12e22badaa8a29ad5ff599f9ec109f0454e8"},
]
